PODS:
  - OHHTTPStubs (3.1.0)
  - XCTest+OHHTTPStubSuiteCleanUp (0.1.0):
    - OHHTTPStubs

DEPENDENCIES:
  - XCTest+OHHTTPStubSuiteCleanUp (from `./XCTest+OHHTTPStubSuiteCleanUp.podspec`)

EXTERNAL SOURCES:
  XCTest+OHHTTPStubSuiteCleanUp:
    :path: ./XCTest+OHHTTPStubSuiteCleanUp.podspec

SPEC CHECKSUMS:
  OHHTTPStubs: d67c42c0212f0883ddb8592375aa0dc00dc50a36
  XCTest+OHHTTPStubSuiteCleanUp: a57fbc101fdd1f30069e967c50e286be373f8d65

COCOAPODS: 0.30.0
